
Microsoft Visual Studio Solution File, Format Version 12.00
# Visual Studio Version 17
VisualStudioVersion = 17.7.34221.43
MinimumVisualStudioVersion = 10.0.40219.1
Project("{FAE04EC0-301F-11D3-BF4B-00C04F79EFBC}") = "Todo-list", "Todo-list\Todo-list.csproj", "{4E2C5FE0-7A4C-4FAE-95EA-89938E18F260}"
EndProject
Global
	GlobalSection(SolutionConfigurationPlatforms) = preSolution
		Debug|Any CPU = Debug|Any CPU
		Release|Any CPU = Release|Any CPU
	EndGlobalSection
	GlobalSection(ProjectConfigurationPlatforms) = postSolution
		{4E2C5FE0-7A4C-4FAE-95EA-89938E18F260}.Debug|Any CPU.ActiveCfg = Debug|Any CPU
		{4E2C5FE0-7A4C-4FAE-95EA-89938E18F260}.Debug|Any CPU.Build.0 = Debug|Any CPU
		{4E2C5FE0-7A4C-4FAE-95EA-89938E18F260}.Release|Any CPU.ActiveCfg = Release|Any CPU
		{4E2C5FE0-7A4C-4FAE-95EA-89938E18F260}.Release|Any CPU.Build.0 = Release|Any CPU
	EndGlobalSection
	GlobalSection(SolutionProperties) = preSolution
		HideSolutionNode = FALSE
	EndGlobalSection
	GlobalSection(ExtensibilityGlobals) = postSolution
		SolutionGuid = {CDDA476B-6422-4FE6-A776-89DC40104685}
	EndGlobalSection
EndGlobal
